
Microsoft Visual Studio Solution File, Format Version 11.00
# Visual Studio 2010
# SharpDevelop 4.4
Project("{FAE04EC0-301F-11D3-BF4B-00C04F79EFBC}") = "p", "p\p.csproj", "{FE811ACE-27C1-4F14-A85B-B10C01F01063}"
EndProject
Global
	GlobalSection(SolutionConfigurationPlatforms) = preSolution
		Debug|Any CPU = Debug|Any CPU
		Release|Any CPU = Release|Any CPU
	EndGlobalSection
	GlobalSection(ProjectConfigurationPlatforms) = postSolution
		{FE811ACE-27C1-4F14-A85B-B10C01F01063}.Debug|Any CPU.Build.0 = Debug|Any CPU
		{FE811ACE-27C1-4F14-A85B-B10C01F01063}.Debug|Any CPU.ActiveCfg = Debug|Any CPU
		{FE811ACE-27C1-4F14-A85B-B10C01F01063}.Release|Any CPU.Build.0 = Release|Any CPU
		{FE811ACE-27C1-4F14-A85B-B10C01F01063}.Release|Any CPU.ActiveCfg = Release|Any CPU
	EndGlobalSection
EndGlobal
